
Microsoft Visual Studio Solution File, Format Version 12.00
# Visual Studio Version 16
VisualStudioVersion = 16.0.31019.35
MinimumVisualStudioVersion = 10.0.40219.1
Project("{FAE04EC0-301F-11D3-BF4B-00C04F79EFBC}") = "Lesson007", "Lesson007\Lesson007.csproj", "{3A96C354-283D-4382-8E2C-761889568DC8}"
EndProject
Global
	GlobalSection(SolutionConfigurationPlatforms) = preSolution
		Debug|Any CPU = Debug|Any CPU
		Release|Any CPU = Release|Any CPU
	EndGlobalSection
	GlobalSection(ProjectConfigurationPlatforms) = postSolution
		{3A96C354-283D-4382-8E2C-761889568DC8}.Debug|Any CPU.ActiveCfg = Debug|Any CPU
		{3A96C354-283D-4382-8E2C-761889568DC8}.Debug|Any CPU.Build.0 = Debug|Any CPU
		{3A96C354-283D-4382-8E2C-761889568DC8}.Release|Any CPU.ActiveCfg = Release|Any CPU
		{3A96C354-283D-4382-8E2C-761889568DC8}.Release|Any CPU.Build.0 = Release|Any CPU
	EndGlobalSection
	GlobalSection(SolutionProperties) = preSolution
		HideSolutionNode = FALSE
	EndGlobalSection
	GlobalSection(ExtensibilityGlobals) = postSolution
		SolutionGuid = {4393DB22-7CD9-4920-841F-4291E19082B7}
	EndGlobalSection
EndGlobal
