
Microsoft Visual Studio Solution File, Format Version 12.00
# Visual Studio Version 16
VisualStudioVersion = 16.0.31019.35
MinimumVisualStudioVersion = 10.0.40219.1
Project("{FAE04EC0-301F-11D3-BF4B-00C04F79EFBC}") = "KOConsole", "KOConsole\KOConsole.csproj", "{761386FA-290B-4FFA-9E77-075F457AFAF9}"
EndProject
Global
	GlobalSection(SolutionConfigurationPlatforms) = preSolution
		Debug|Any CPU = Debug|Any CPU
		Release|Any CPU = Release|Any CPU
	EndGlobalSection
	GlobalSection(ProjectConfigurationPlatforms) = postSolution
		{761386FA-290B-4FFA-9E77-075F457AFAF9}.Debug|Any CPU.ActiveCfg = Debug|Any CPU
		{761386FA-290B-4FFA-9E77-075F457AFAF9}.Debug|Any CPU.Build.0 = Debug|Any CPU
		{761386FA-290B-4FFA-9E77-075F457AFAF9}.Release|Any CPU.ActiveCfg = Release|Any CPU
		{761386FA-290B-4FFA-9E77-075F457AFAF9}.Release|Any CPU.Build.0 = Release|Any CPU
	EndGlobalSection
	GlobalSection(SolutionProperties) = preSolution
		HideSolutionNode = FALSE
	EndGlobalSection
	GlobalSection(ExtensibilityGlobals) = postSolution
		SolutionGuid = {8D3E101D-A3EF-455A-8BD3-5184BC6121BF}
	EndGlobalSection
EndGlobal
